
Microsoft Visual Studio Solution File, Format Version 12.00
# Visual Studio Version 17
VisualStudioVersion = 17.8.34330.188
MinimumVisualStudioVersion = 10.0.40219.1
Project("{9A19103F-16F7-4668-BE54-9A1E7A4F7556}") = "AccountModule", "AccountModule\AccountModule.csproj", "{9C2A8927-DEB7-4479-9827-7CDE7CEFCDE3}"
EndProject
Project("{FAE04EC0-301F-11D3-BF4B-00C04F79EFBC}") = "AccountTest", "AccountTest\AccountTest.csproj", "{42607828-F228-4A99-8876-22FB62D40335}"
EndProject
Global
	GlobalSection(SolutionConfigurationPlatforms) = preSolution
		Debug|Any CPU = Debug|Any CPU
		Release|Any CPU = Release|Any CPU
	EndGlobalSection
	GlobalSection(ProjectConfigurationPlatforms) = postSolution
		{9C2A8927-DEB7-4479-9827-7CDE7CEFCDE3}.Debug|Any CPU.ActiveCfg = Debug|Any CPU
		{9C2A8927-DEB7-4479-9827-7CDE7CEFCDE3}.Debug|Any CPU.Build.0 = Debug|Any CPU
		{9C2A8927-DEB7-4479-9827-7CDE7CEFCDE3}.Release|Any CPU.ActiveCfg = Release|Any CPU
		{9C2A8927-DEB7-4479-9827-7CDE7CEFCDE3}.Release|Any CPU.Build.0 = Release|Any CPU
		{42607828-F228-4A99-8876-22FB62D40335}.Debug|Any CPU.ActiveCfg = Debug|Any CPU
		{42607828-F228-4A99-8876-22FB62D40335}.Debug|Any CPU.Build.0 = Debug|Any CPU
		{42607828-F228-4A99-8876-22FB62D40335}.Release|Any CPU.ActiveCfg = Release|Any CPU
		{42607828-F228-4A99-8876-22FB62D40335}.Release|Any CPU.Build.0 = Release|Any CPU
	EndGlobalSection
	GlobalSection(SolutionProperties) = preSolution
		HideSolutionNode = FALSE
	EndGlobalSection
	GlobalSection(ExtensibilityGlobals) = postSolution
		SolutionGuid = {E8ECA4ED-0D6D-4DCE-910F-16180AF3A0CC}
	EndGlobalSection
EndGlobal
